
Microsoft Visual Studio Solution File, Format Version 12.00
# Visual Studio 14
VisualStudioVersion = 14.0.25420.1
MinimumVisualStudioVersion = 10.0.40219.1
Project("{2150E333-8FDC-42A3-9474-1A3956D46DE8}") = "src", "src", "{8DD0C73D-4E27-4021-A2FC-2F3F15F32641}"
EndProject
Project("{2150E333-8FDC-42A3-9474-1A3956D46DE8}") = "Solution Items", "Solution Items", "{C90C1B5E-A5E5-47E8-A48E-3D47BF3905A2}"
	ProjectSection(SolutionItems) = preProject
		global.json = global.json
	EndProjectSection
EndProject
Project("{8BB2217D-0F2D-49D1-97BC-3654ED321F3B}") = "Cookbook", "src\Cookbook\Cookbook.xproj", "{8D021D39-206A-4578-9188-1E2996B51863}"
EndProject
Project("{2150E333-8FDC-42A3-9474-1A3956D46DE8}") = "test", "test", "{C41F4253-7BBA-4083-827F-14B14AF14D63}"
EndProject
Project("{8BB2217D-0F2D-49D1-97BC-3654ED321F3B}") = "Cookbook.Tests", "test\Cookbook.Tests\Cookbook.Tests.xproj", "{F7DB7C1F-309D-4800-93E2-3321CE3174BE}"
EndProject
Global
	GlobalSection(SolutionConfigurationPlatforms) = preSolution
		Debug|Any CPU = Debug|Any CPU
		Release|Any CPU = Release|Any CPU
	EndGlobalSection
	GlobalSection(ProjectConfigurationPlatforms) = postSolution
		{8D021D39-206A-4578-9188-1E2996B51863}.Debug|Any CPU.ActiveCfg = Debug|Any CPU
		{8D021D39-206A-4578-9188-1E2996B51863}.Debug|Any CPU.Build.0 = Debug|Any CPU
		{8D021D39-206A-4578-9188-1E2996B51863}.Release|Any CPU.ActiveCfg = Release|Any CPU
		{8D021D39-206A-4578-9188-1E2996B51863}.Release|Any CPU.Build.0 = Release|Any CPU
		{F7DB7C1F-309D-4800-93E2-3321CE3174BE}.Debug|Any CPU.ActiveCfg = Debug|Any CPU
		{F7DB7C1F-309D-4800-93E2-3321CE3174BE}.Debug|Any CPU.Build.0 = Debug|Any CPU
		{F7DB7C1F-309D-4800-93E2-3321CE3174BE}.Release|Any CPU.ActiveCfg = Release|Any CPU
		{F7DB7C1F-309D-4800-93E2-3321CE3174BE}.Release|Any CPU.Build.0 = Release|Any CPU
	EndGlobalSection
	GlobalSection(SolutionProperties) = preSolution
		HideSolutionNode = FALSE
	EndGlobalSection
	GlobalSection(NestedProjects) = preSolution
		{8D021D39-206A-4578-9188-1E2996B51863} = {8DD0C73D-4E27-4021-A2FC-2F3F15F32641}
		{F7DB7C1F-309D-4800-93E2-3321CE3174BE} = {C41F4253-7BBA-4083-827F-14B14AF14D63}
	EndGlobalSection
EndGlobal
